// !$*UTF8*$!
{
	archiveVersion = 1;
	classes = {
	};
	objectVersion = 51;
	objects = {

/* Begin PBXBuildFile section */
		A7264E9023F864560076F3D0 /* AppDelegate.swift in Sources */ = {isa = PBXBuildFile; fileRef = A7264E8F23F864560076F3D0 /* AppDelegate.swift */; };
		A7264E9223F864560076F3D0 /* SceneDelegate.swift in Sources */ = {isa = PBXBuildFile; fileRef = A7264E9123F864560076F3D0 /* SceneDelegate.swift */; };
		A7264E9423F864560076F3D0 /* ViewController.swift in Sources */ = {isa = PBXBuildFile; fileRef = A7264E9323F864560076F3D0 /* ViewController.swift */; };
		A7264E9723F864560076F3D0 /* Main.storyboard in Resources */ = {isa = PBXBuildFile; fileRef = A7264E9523F864560076F3D0 /* Main.storyboard */; };
		A7264E9923F864580076F3D0 /* Assets.xcassets in Resources */ = {isa = PBXBuildFile; fileRef = A7264E9823F864580076F3D0 /* Assets.xcassets */; };
		A7264E9C23F864580076F3D0 /* LaunchScreen.storyboard in Resources */ = {isa = PBXBuildFile; fileRef = A7264E9A23F864580076F3D0 /* LaunchScreen.storyboard */; };
		A7264EA423F864EC0076F3D0 /* GoogleService-Info.plist in Resources */ = {isa = PBXBuildFile; fileRef = A7264EA323F864EC0076F3D0 /* GoogleService-Info.plist */; };
		A757FDB323F870640094C025 /* LogInViewController.swift in Sources */ = {isa = PBXBuildFile; fileRef = A757FDB223F870640094C025 /* LogInViewController.swift */; };
		A757FDB523F8709D0094C025 /* SignUpViewController.swift in Sources */ = {isa = PBXBuildFile; fileRef = A757FDB423F8709D0094C025 /* SignUpViewController.swift */; };
		CA9BDC3DE0F1E4D3FBB390AC /* Pods_TreeHacks.framework in Frameworks */ = {isa = PBXBuildFile; fileRef = 1AA0CE939479DDFF8CEEC9FE /* Pods_TreeHacks.framework */; };
/* End PBXBuildFile section */

/* Begin PBXFileReference section */
		1AA0CE939479DDFF8CEEC9FE /* Pods_TreeHacks.framework */ = {isa = PBXFileReference; explicitFileType = wrapper.framework; includeInIndex = 0; path = Pods_TreeHacks.framework; sourceTree = BUILT_PRODUCTS_DIR; };
		6E2CF2F2885B91620C87D1EA /* Pods-TreeHacks.release.xcconfig */ = {isa = PBXFileReference; includeInIndex = 1; lastKnownFileType = text.xcconfig; name = "Pods-TreeHacks.release.xcconfig"; path = "Target Support Files/Pods-TreeHacks/Pods-TreeHacks.release.xcconfig"; sourceTree = "<group>"; };
		755A8E7A6BA643E81E33D0A5 /* Pods-TreeHacks.debug.xcconfig */ = {isa = PBXFileReference; includeInIndex = 1; lastKnownFileType = text.xcconfig; name = "Pods-TreeHacks.debug.xcconfig"; path = "Target Support Files/Pods-TreeHacks/Pods-TreeHacks.debug.xcconfig"; sourceTree = "<group>"; };
		A7264E8C23F864560076F3D0 /* TreeHacks.app */ = {isa = PBXFileReference; explicitFileType = wrapper.application; includeInIndex = 0; path = TreeHacks.app; sourceTree = BUILT_PRODUCTS_DIR; };
		A7264E8F23F864560076F3D0 /* AppDelegate.swift */ = {isa = PBXFileReference; lastKnownFileType = sourcecode.swift; path = AppDelegate.swift; sourceTree = "<group>"; };
		A7264E9123F864560076F3D0 /* SceneDelegate.swift */ = {isa = PBXFileReference; lastKnownFileType = sourcecode.swift; path = SceneDelegate.swift; sourceTree = "<group>"; };
		A7264E9323F864560076F3D0 /* ViewController.swift */ = {isa = PBXFileReference; lastKnownFileType = sourcecode.swift; path = ViewController.swift; sourceTree = "<group>"; };
		A7264E9623F864560076F3D0 /* Base */ = {isa = PBXFileReference; lastKnownFileType = file.storyboard; name = Base; path = Base.lproj/Main.storyboard; sourceTree = "<group>"; };
		A7264E9823F864580076F3D0 /* Assets.xcassets */ = {isa = PBXFileReference; lastKnownFileType = folder.assetcatalog; path = Assets.xcassets; sourceTree = "<group>"; };
		A7264E9B23F864580076F3D0 /* Base */ = {isa = PBXFileReference; lastKnownFileType = file.storyboard; name = Base; path = Base.lproj/LaunchScreen.storyboard; sourceTree = "<group>"; };
		A7264E9D23F864580076F3D0 /* Info.plist */ = {isa = PBXFileReference; lastKnownFileType = text.plist.xml; path = Info.plist; sourceTree = "<group>"; };
		A7264EA323F864EC0076F3D0 /* GoogleService-Info.plist */ = {isa = PBXFileReference; fileEncoding = 4; lastKnownFileType = text.plist.xml; path = "GoogleService-Info.plist"; sourceTree = "<group>"; };
		A757FDB223F870640094C025 /* LogInViewController.swift */ = {isa = PBXFileReference; lastKnownFileType = sourcecode.swift; path = LogInViewController.swift; sourceTree = "<group>"; };
		A757FDB423F8709D0094C025 /* SignUpViewController.swift */ = {isa = PBXFileReference; lastKnownFileType = sourcecode.swift; path = SignUpViewController.swift; sourceTree = "<group>"; };
/* End PBXFileReference section */

/* Begin PBXFrameworksBuildPhase section */
		A7264E8923F864560076F3D0 /* Frameworks */ = {
			isa = PBXFrameworksBuildPhase;
			buildActionMask = 2147483647;
			files = (
				CA9BDC3DE0F1E4D3FBB390AC /* Pods_TreeHacks.framework in Frameworks */,
			);
			runOnlyForDeploymentPostprocessing = 0;
		};
/* End PBXFrameworksBuildPhase section */

/* Begin PBXGroup section */
		692735952370E35F4B9E7608 /* Pods */ = {
			isa = PBXGroup;
			children = (
				755A8E7A6BA643E81E33D0A5 /* Pods-TreeHacks.debug.xcconfig */,
				6E2CF2F2885B91620C87D1EA /* Pods-TreeHacks.release.xcconfig */,
			);
			path = Pods;
			sourceTree = "<group>";
		};
		A7264E8323F864560076F3D0 = {
			isa = PBXGroup;
			children = (
				A7264E8E23F864560076F3D0 /* TreeHacks */,
				A7264E8D23F864560076F3D0 /* Products */,
				692735952370E35F4B9E7608 /* Pods */,
				B5AB8AFA30BC94C2202A227D /* Frameworks */,
			);
			sourceTree = "<group>";
		};
		A7264E8D23F864560076F3D0 /* Products */ = {
			isa = PBXGroup;
			children = (
				A7264E8C23F864560076F3D0 /* TreeHacks.app */,
			);
			name = Products;
			sourceTree = "<group>";
		};
		A7264E8E23F864560076F3D0 /* TreeHacks */ = {
			isa = PBXGroup;
			children = (
				A7264EA323F864EC0076F3D0 /* GoogleService-Info.plist */,
				A7264E8F23F864560076F3D0 /* AppDelegate.swift */,
				A7264E9123F864560076F3D0 /* SceneDelegate.swift */,
				A7264E9323F864560076F3D0 /* ViewController.swift */,
				A7264E9523F864560076F3D0 /* Main.storyboard */,
				A7264E9823F864580076F3D0 /* Assets.xcassets */,
				A7264E9A23F864580076F3D0 /* LaunchScreen.storyboard */,
				A7264E9D23F864580076F3D0 /* Info.plist */,
				A757FDB223F870640094C025 /* LogInViewController.swift */,
				A757FDB423F8709D0094C025 /* SignUpViewController.swift */,
			);
			path = TreeHacks;
			sourceTree = "<group>";
		};
		B5AB8AFA30BC94C2202A227D /* Frameworks */ = {
			isa = PBXGroup;
			children = (
				1AA0CE939479DDFF8CEEC9FE /* Pods_TreeHacks.framework */,
			);
			name = Frameworks;
			sourceTree = "<group>";
		};
/* End PBXGroup section */

/* Begin PBXNativeTarget section */
		A7264E8B23F864560076F3D0 /* TreeHacks */ = {
			isa = PBXNativeTarget;
			buildConfigurationList = A7264EA023F864580076F3D0 /* Build configuration list for PBXNativeTarget "TreeHacks" */;
			buildPhases = (
				3B6D48432CA0CDA7C3221EC6 /* [CP] Check Pods Manifest.lock */,
				A7264E8823F864560076F3D0 /* Sources */,
				A7264E8923F864560076F3D0 /* Frameworks */,
				A7264E8A23F864560076F3D0 /* Resources */,
				36BAA8CA2D7B245A0C4FD064 /* [CP] Embed Pods Frameworks */,
			);
			buildRules = (
			);
			dependencies = (
			);
			name = TreeHacks;
			productName = TreeHacks;
			productReference = A7264E8C23F864560076F3D0 /* TreeHacks.app */;
			productType = "com.apple.product-type.application";
		};
/* End PBXNativeTarget section */

/* Begin PBXProject section */
		A7264E8423F864560076F3D0 /* Project object */ = {
			isa = PBXProject;
			attributes = {
				LastSwiftUpdateCheck = 1130;
				LastUpgradeCheck = 1130;
				ORGANIZATIONNAME = "Safiyah Lakhany";
				TargetAttributes = {
					A7264E8B23F864560076F3D0 = {
						CreatedOnToolsVersion = 11.3.1;
					};
				};
			};
			buildConfigurationList = A7264E8723F864560076F3D0 /* Build configuration list for PBXProject "TreeHacks" */;
			compatibilityVersion = "Xcode 9.3";
			developmentRegion = en;
			hasScannedForEncodings = 0;
			knownRegions = (
				en,
				Base,
			);
			mainGroup = A7264E8323F864560076F3D0;
			productRefGroup = A7264E8D23F864560076F3D0 /* Products */;
			projectDirPath = "";
			projectRoot = "";
			targets = (
				A7264E8B23F864560076F3D0 /* TreeHacks */,
			);
		};
/* End PBXProject section */

/* Begin PBXResourcesBuildPhase section */
		A7264E8A23F864560076F3D0 /* Resources */ = {
			isa = PBXResourcesBuildPhase;
			buildActionMask = 2147483647;
			files = (
				A7264E9C23F864580076F3D0 /* LaunchScreen.storyboard in Resources */,
				A7264EA423F864EC0076F3D0 /* GoogleService-Info.plist in Resources */,
				A7264E9923F864580076F3D0 /* Assets.xcassets in Resources */,
				A7264E9723F864560076F3D0 /* Main.storyboard in Resources */,
			);
			runOnlyForDeploymentPostprocessing = 0;
		};
/* End PBXResourcesBuildPhase section */

/* Begin PBXShellScriptBuildPhase section */
		36BAA8CA2D7B245A0C4FD064 /* [CP] Embed Pods Frameworks */ = {
			isa = PBXShellScriptBuildPhase;
			buildActionMask = 2147483647;
			files = (
			);
			inputFileListPaths = (
				"${PODS_ROOT}/Target Support Files/Pods-TreeHacks/Pods-TreeHacks-frameworks-${CONFIGURATION}-input-files.xcfilelist",
			);
			name = "[CP] Embed Pods Frameworks";
			outputFileListPaths = (
				"${PODS_ROOT}/Target Support Files/Pods-TreeHacks/Pods-TreeHacks-frameworks-${CONFIGURATION}-output-files.xcfilelist",
			);
			runOnlyForDeploymentPostprocessing = 0;
			shellPath = /bin/sh;
			shellScript = "\"${PODS_ROOT}/Target Support Files/Pods-TreeHacks/Pods-TreeHacks-frameworks.sh\"\n";
			showEnvVarsInLog = 0;
		};
		3B6D48432CA0CDA7C3221EC6 /* [CP] Check Pods Manifest.lock */ = {
			isa = PBXShellScriptBuildPhase;
			buildActionMask = 2147483647;
			files = (
			);
			inputFileListPaths = (
			);
			inputPaths = (
				"${PODS_PODFILE_DIR_PATH}/Podfile.lock",
				"${PODS_ROOT}/Manifest.lock",
			);
			name = "[CP] Check Pods Manifest.lock";
			outputFileListPaths = (
			);
			outputPaths = (
				"$(DERIVED_FILE_DIR)/Pods-TreeHacks-checkManifestLockResult.txt",
			);
			runOnlyForDeploymentPostprocessing = 0;
			shellPath = /bin/sh;
			shellScript = "diff \"${PODS_PODFILE_DIR_PATH}/Podfile.lock\" \"${PODS_ROOT}/Manifest.lock\" > /dev/null\nif [ $? != 0 ] ; then\n    # print error to STDERR\n    echo \"error: The sandbox is not in sync with the Podfile.lock. Run 'pod install' or update your CocoaPods installation.\" >&2\n    exit 1\nfi\n# This output is used by Xcode 'outputs' to avoid re-running this script phase.\necho \"SUCCESS\" > \"${SCRIPT_OUTPUT_FILE_0}\"\n";
			showEnvVarsInLog = 0;
		};
/* End PBXShellScriptBuildPhase section */

/* Begin PBXSourcesBuildPhase section */
		A7264E8823F864560076F3D0 /* Sources */ = {
			isa = PBXSourcesBuildPhase;
			buildActionMask = 2147483647;
			files = (
				A757FDB323F870640094C025 /* LogInViewController.swift in Sources */,
				A7264E9423F864560076F3D0 /* ViewController.swift in Sources */,
				A7264E9023F864560076F3D0 /* AppDelegate.swift in Sources */,
				A7264E9223F864560076F3D0 /* SceneDelegate.swift in Sources */,
				A757FDB523F8709D0094C025 /* SignUpViewController.swift in Sources */,
			);
			runOnlyForDeploymentPostprocessing = 0;
		};
/* End PBXSourcesBuildPhase section */

/* Begin PBXVariantGroup section */
		A7264E9523F864560076F3D0 /* Main.storyboard */ = {
			isa = PBXVariantGroup;
			children = (
				A7264E9623F864560076F3D0 /* Base */,
			);
			name = Main.storyboard;
			sourceTree = "<group>";
		};
		A7264E9A23F864580076F3D0 /* LaunchScreen.storyboard */ = {
			isa = PBXVariantGroup;
			children = (
				A7264E9B23F864580076F3D0 /* Base */,
			);
			name = LaunchScreen.storyboard;
			sourceTree = "<group>";
		};
/* End PBXVariantGroup section */

/* Begin XCBuildConfiguration section */
		A7264E9E23F864580076F3D0 /* Debug */ = {
			isa = XCBuildConfiguration;
			buildSettings = {
				ALWAYS_SEARCH_USER_PATHS = NO;
				CLANG_ANALYZER_NONNULL = YES;
				CLANG_ANALYZER_NUMBER_OBJECT_CONVERSION = YES_AGGRESSIVE;
				CLANG_CXX_LANGUAGE_STANDARD = "gnu++14";
				CLANG_CXX_LIBRARY = "libc++";
				CLANG_ENABLE_MODULES = YES;
				CLANG_ENABLE_OBJC_ARC = YES;
				CLANG_ENABLE_OBJC_WEAK = YES;
				CLANG_WARN_BLOCK_CAPTURE_AUTORELEASING = YES;
				CLANG_WARN_BOOL_CONVERSION = YES;
				CLANG_WARN_COMMA = YES;
				CLANG_WARN_CONSTANT_CONVERSION = YES;
				CLANG_WARN_DEPRECATED_OBJC_IMPLEMENTATIONS = YES;
				CLANG_WARN_DIRECT_OBJC_ISA_USAGE = YES_ERROR;
				CLANG_WARN_DOCUMENTATION_COMMENTS = YES;
				CLANG_WARN_EMPTY_BODY = YES;
				CLANG_WARN_ENUM_CONVERSION = YES;
				CLANG_WARN_INFINITE_RECURSION = YES;
				CLANG_WARN_INT_CONVERSION = YES;
				CLANG_WARN_NON_LITERAL_NULL_CONVERSION = YES;
				CLANG_WARN_OBJC_IMPLICIT_RETAIN_SELF = YES;
				CLANG_WARN_OBJC_LITERAL_CONVERSION = YES;
				CLANG_WARN_OBJC_ROOT_CLASS = YES_ERROR;
				CLANG_WARN_RANGE_LOOP_ANALYSIS = YES;
				CLANG_WARN_STRICT_PROTOTYPES = YES;
				CLANG_WARN_SUSPICIOUS_MOVE = YES;
				CLANG_WARN_UNGUARDED_AVAILABILITY = YES_AGGRESSIVE;
				CLANG_WARN_UNREACHABLE_CODE = YES;
				CLANG_WARN__DUPLICATE_METHOD_MATCH = YES;
				COPY_PHASE_STRIP = NO;
				DEBUG_INFORMATION_FORMAT = dwarf;
				ENABLE_STRICT_OBJC_MSGSEND = YES;
				ENABLE_TESTABILITY = YES;
				GCC_C_LANGUAGE_STANDARD = gnu11;
				GCC_DYNAMIC_NO_PIC = NO;
				GCC_NO_COMMON_BLOCKS = YES;
				GCC_OPTIMIZATION_LEVEL = 0;
				GCC_PREPROCESSOR_DEFINITIONS = (
					"DEBUG=1",
					"$(inherited)",
				);
				GCC_WARN_64_TO_32_BIT_CONVERSION = YES;
				GCC_WARN_ABOUT_RETURN_TYPE = YES_ERROR;
				GCC_WARN_UNDECLARED_SELECTOR = YES;
				GCC_WARN_UNINITIALIZED_AUTOS = YES_AGGRESSIVE;
				GCC_WARN_UNUSED_FUNCTION = YES;
				GCC_WARN_UNUSED_VARIABLE = YES;
				IPHONEOS_DEPLOYMENT_TARGET = 13.2;
				MTL_ENABLE_DEBUG_INFO = INCLUDE_SOURCE;
				MTL_FAST_MATH = YES;
				ONLY_ACTIVE_ARCH = YES;
				SDKROOT = iphoneos;
				SWIFT_ACTIVE_COMPILATION_CONDITIONS = DEBUG;
				SWIFT_OPTIMIZATION_LEVEL = "-Onone";
			};
			name = Debug;
		};
		A7264E9F23F864580076F3D0 /* Release */ = {
			isa = XCBuildConfiguration;
			buildSettings = {
				ALWAYS_SEARCH_USER_PATHS = NO;
				CLANG_ANALYZER_NONNULL = YES;
				CLANG_ANALYZER_NUMBER_OBJECT_CONVERSION = YES_AGGRESSIVE;
				CLANG_CXX_LANGUAGE_STANDARD = "gnu++14";
				CLANG_CXX_LIBRARY = "libc++";
				CLANG_ENABLE_MODULES = YES;
				CLANG_ENABLE_OBJC_ARC = YES;
				CLANG_ENABLE_OBJC_WEAK = YES;
				CLANG_WARN_BLOCK_CAPTURE_AUTORELEASING = YES;
				CLANG_WARN_BOOL_CONVERSION = YES;
				CLANG_WARN_COMMA = YES;
				CLANG_WARN_CONSTANT_CONVERSION = YES;
				CLANG_WARN_DEPRECATED_OBJC_IMPLEMENTATIONS = YES;
				CLANG_WARN_DIRECT_OBJC_ISA_USAGE = YES_ERROR;
				CLANG_WARN_DOCUMENTATION_COMMENTS = YES;
				CLANG_WARN_EMPTY_BODY = YES;
				CLANG_WARN_ENUM_CONVERSION = YES;
				CLANG_WARN_INFINITE_RECURSION = YES;
				CLANG_WARN_INT_CONVERSION = YES;
				CLANG_WARN_NON_LITERAL_NULL_CONVERSION = YES;
				CLANG_WARN_OBJC_IMPLICIT_RETAIN_SELF = YES;
				CLANG_WARN_OBJC_LITERAL_CONVERSION = YES;
				CLANG_WARN_OBJC_ROOT_CLASS = YES_ERROR;
				CLANG_WARN_RANGE_LOOP_ANALYSIS = YES;
				CLANG_WARN_STRICT_PROTOTYPES = YES;
				CLANG_WARN_SUSPICIOUS_MOVE = YES;
				CLANG_WARN_UNGUARDED_AVAILABILITY = YES_AGGRESSIVE;
				CLANG_WARN_UNREACHABLE_CODE = YES;
				CLANG_WARN__DUPLICATE_METHOD_MATCH = YES;
				COPY_PHASE_STRIP = NO;
				DEBUG_INFORMATION_FORMAT = "dwarf-with-dsym";
				ENABLE_NS_ASSERTIONS = NO;
				ENABLE_STRICT_OBJC_MSGSEND = YES;
				GCC_C_LANGUAGE_STANDARD = gnu11;
				GCC_NO_COMMON_BLOCKS = YES;
				GCC_WARN_64_TO_32_BIT_CONVERSION = YES;
				GCC_WARN_ABOUT_RETURN_TYPE = YES_ERROR;
				GCC_WARN_UNDECLARED_SELECTOR = YES;
				GCC_WARN_UNINITIALIZED_AUTOS = YES_AGGRESSIVE;
				GCC_WARN_UNUSED_FUNCTION = YES;
				GCC_WARN_UNUSED_VARIABLE = YES;
				IPHONEOS_DEPLOYMENT_TARGET = 13.2;
				MTL_ENABLE_DEBUG_INFO = NO;
				MTL_FAST_MATH = YES;
				SDKROOT = iphoneos;
				SWIFT_COMPILATION_MODE = wholemodule;
				SWIFT_OPTIMIZATION_LEVEL = "-O";
				VALIDATE_PRODUCT = YES;
			};
			name = Release;
		};
		A7264EA123F864580076F3D0 /* Debug */ = {
			isa = XCBuildConfiguration;
			baseConfigurationReference = 755A8E7A6BA643E81E33D0A5 /* Pods-TreeHacks.debug.xcconfig */;
			buildSettings = {
				ASSETCATALOG_COMPILER_APPICON_NAME = AppIcon;
				CODE_SIGN_STYLE = Automatic;
				DEVELOPMENT_TEAM = BM495Y497C;
				INFOPLIST_FILE = TreeHacks/Info.plist;
				LD_RUNPATH_SEARCH_PATHS = (
					"$(inherited)",
					"@executable_path/Frameworks",
				);
				PRODUCT_BUNDLE_IDENTIFIER = SL.TreeHacks;
				PRODUCT_NAME = "$(TARGET_NAME)";
				SWIFT_VERSION = 5.0;
				TARGETED_DEVICE_FAMILY = "1,2";
			};
			name = Debug;
		};
		A7264EA223F864580076F3D0 /* Release */ = {
			isa = XCBuildConfiguration;
			baseConfigurationReference = 6E2CF2F2885B91620C87D1EA /* Pods-TreeHacks.release.xcconfig */;
			buildSettings = {
				ASSETCATALOG_COMPILER_APPICON_NAME = AppIcon;
				CODE_SIGN_STYLE = Automatic;
				DEVELOPMENT_TEAM = BM495Y497C;
				INFOPLIST_FILE = TreeHacks/Info.plist;
				LD_RUNPATH_SEARCH_PATHS = (
					"$(inherited)",
					"@executable_path/Frameworks",
				);
				PRODUCT_BUNDLE_IDENTIFIER = SL.TreeHacks;
				PRODUCT_NAME = "$(TARGET_NAME)";
				SWIFT_VERSION = 5.0;
				TARGETED_DEVICE_FAMILY = "1,2";
			};
			name = Release;
		};
/* End XCBuildConfiguration section */

/* Begin XCConfigurationList section */
		A7264E8723F864560076F3D0 /* Build configuration list for PBXProject "TreeHacks" */ = {
			isa = XCConfigurationList;
			buildConfigurations = (
				A7264E9E23F864580076F3D0 /* Debug */,
				A7264E9F23F864580076F3D0 /* Release */,
			);
			defaultConfigurationIsVisible = 0;
			defaultConfigurationName = Release;
		};
		A7264EA023F864580076F3D0 /* Build configuration list for PBXNativeTarget "TreeHacks" */ = {
			isa = XCConfigurationList;
			buildConfigurations = (
				A7264EA123F864580076F3D0 /* Debug */,
				A7264EA223F864580076F3D0 /* Release */,
			);
			defaultConfigurationIsVisible = 0;
			defaultConfigurationName = Release;
		};
/* End XCConfigurationList section */
	};
	rootObject = A7264E8423F864560076F3D0 /* Project object */;
}
